
Microsoft Visual Studio Solution File, Format Version 12.00
# Visual Studio Version 16
VisualStudioVersion = 16.0.29709.97
MinimumVisualStudioVersion = 10.0.40219.1
Project("{FAE04EC0-301F-11D3-BF4B-00C04F79EFBC}") = "Uracadex", "Uracadex\Uracadex.csproj", "{5741AE43-BA7E-406F-B189-1F9E26C069F0}"
EndProject
Project("{FAE04EC0-301F-11D3-BF4B-00C04F79EFBC}") = "Uracadex.Tests", "Uracadex.Tests\Uracadex.Tests.csproj", "{10977500-C310-4E8B-8CB2-5C495B606762}"
EndProject
Global
	GlobalSection(SolutionConfigurationPlatforms) = preSolution
		Debug|Any CPU = Debug|Any CPU
		Release|Any CPU = Release|Any CPU
	EndGlobalSection
	GlobalSection(ProjectConfigurationPlatforms) = postSolution
		{5741AE43-BA7E-406F-B189-1F9E26C069F0}.Debug|Any CPU.ActiveCfg = Debug|Any CPU
		{5741AE43-BA7E-406F-B189-1F9E26C069F0}.Debug|Any CPU.Build.0 = Debug|Any CPU
		{5741AE43-BA7E-406F-B189-1F9E26C069F0}.Release|Any CPU.ActiveCfg = Release|Any CPU
		{5741AE43-BA7E-406F-B189-1F9E26C069F0}.Release|Any CPU.Build.0 = Release|Any CPU
		{10977500-C310-4E8B-8CB2-5C495B606762}.Debug|Any CPU.ActiveCfg = Debug|Any CPU
		{10977500-C310-4E8B-8CB2-5C495B606762}.Debug|Any CPU.Build.0 = Debug|Any CPU
		{10977500-C310-4E8B-8CB2-5C495B606762}.Release|Any CPU.ActiveCfg = Release|Any CPU
		{10977500-C310-4E8B-8CB2-5C495B606762}.Release|Any CPU.Build.0 = Release|Any CPU
	EndGlobalSection
	GlobalSection(SolutionProperties) = preSolution
		HideSolutionNode = FALSE
	EndGlobalSection
	GlobalSection(ExtensibilityGlobals) = postSolution
		SolutionGuid = {B188EC95-C718-4401-90A4-5BC772A3A80E}
	EndGlobalSection
EndGlobal
